
Microsoft Visual Studio Solution File, Format Version 12.00
# Visual Studio Version 17
VisualStudioVersion = 17.5.33516.290
MinimumVisualStudioVersion = 10.0.40219.1
Project("{9A19103F-16F7-4668-BE54-9A1E7A4F7556}") = "RPG", "RPG\RPG.csproj", "{1C89C0E4-CAAE-44D2-B0BE-539145D8C202}"
EndProject
Project("{FAE04EC0-301F-11D3-BF4B-00C04F79EFBC}") = "HorizonFantazy", "HorizonFantazy\HorizonFantazy.csproj", "{C17D2DEE-A183-495A-A350-CEEA04BD331D}"
EndProject
Project("{FAE04EC0-301F-11D3-BF4B-00C04F79EFBC}") = "Tanks", "Tanks\Tanks.csproj", "{DCB52D0D-AEA8-47F3-93EF-CA1538A5EFFC}"
EndProject
Global
	GlobalSection(SolutionConfigurationPlatforms) = preSolution
		Debug|Any CPU = Debug|Any CPU
		Release|Any CPU = Release|Any CPU
	EndGlobalSection
	GlobalSection(ProjectConfigurationPlatforms) = postSolution
		{1C89C0E4-CAAE-44D2-B0BE-539145D8C202}.Debug|Any CPU.ActiveCfg = Debug|Any CPU
		{1C89C0E4-CAAE-44D2-B0BE-539145D8C202}.Debug|Any CPU.Build.0 = Debug|Any CPU
		{1C89C0E4-CAAE-44D2-B0BE-539145D8C202}.Release|Any CPU.ActiveCfg = Release|Any CPU
		{1C89C0E4-CAAE-44D2-B0BE-539145D8C202}.Release|Any CPU.Build.0 = Release|Any CPU
		{C17D2DEE-A183-495A-A350-CEEA04BD331D}.Debug|Any CPU.ActiveCfg = Debug|Any CPU
		{C17D2DEE-A183-495A-A350-CEEA04BD331D}.Debug|Any CPU.Build.0 = Debug|Any CPU
		{C17D2DEE-A183-495A-A350-CEEA04BD331D}.Release|Any CPU.ActiveCfg = Release|Any CPU
		{C17D2DEE-A183-495A-A350-CEEA04BD331D}.Release|Any CPU.Build.0 = Release|Any CPU
		{DCB52D0D-AEA8-47F3-93EF-CA1538A5EFFC}.Debug|Any CPU.ActiveCfg = Debug|Any CPU
		{DCB52D0D-AEA8-47F3-93EF-CA1538A5EFFC}.Debug|Any CPU.Build.0 = Debug|Any CPU
		{DCB52D0D-AEA8-47F3-93EF-CA1538A5EFFC}.Release|Any CPU.ActiveCfg = Release|Any CPU
		{DCB52D0D-AEA8-47F3-93EF-CA1538A5EFFC}.Release|Any CPU.Build.0 = Release|Any CPU
	EndGlobalSection
	GlobalSection(SolutionProperties) = preSolution
		HideSolutionNode = FALSE
	EndGlobalSection
	GlobalSection(ExtensibilityGlobals) = postSolution
		SolutionGuid = {1B8B545C-3617-4BDA-86F4-79C82729010B}
	EndGlobalSection
EndGlobal
